
Microsoft Visual Studio Solution File, Format Version 12.00
# Visual Studio Version 17
VisualStudioVersion = 17.4.33122.133
MinimumVisualStudioVersion = 10.0.40219.1
Project("{FAE04EC0-301F-11D3-BF4B-00C04F79EFBC}") = "PrototypeShallow", "PrototypeShallow\PrototypeShallow.csproj", "{6E94167F-71D1-4D3A-B69E-560ECA77CBC9}"
EndProject
Global
	GlobalSection(SolutionConfigurationPlatforms) = preSolution
		Debug|Any CPU = Debug|Any CPU
		Release|Any CPU = Release|Any CPU
	EndGlobalSection
	GlobalSection(ProjectConfigurationPlatforms) = postSolution
		{6E94167F-71D1-4D3A-B69E-560ECA77CBC9}.Debug|Any CPU.ActiveCfg = Debug|Any CPU
		{6E94167F-71D1-4D3A-B69E-560ECA77CBC9}.Debug|Any CPU.Build.0 = Debug|Any CPU
		{6E94167F-71D1-4D3A-B69E-560ECA77CBC9}.Release|Any CPU.ActiveCfg = Release|Any CPU
		{6E94167F-71D1-4D3A-B69E-560ECA77CBC9}.Release|Any CPU.Build.0 = Release|Any CPU
	EndGlobalSection
	GlobalSection(SolutionProperties) = preSolution
		HideSolutionNode = FALSE
	EndGlobalSection
	GlobalSection(ExtensibilityGlobals) = postSolution
		SolutionGuid = {785EECD1-2DD0-4E34-AD3C-557A254AA625}
	EndGlobalSection
EndGlobal
