
Microsoft Visual Studio Solution File, Format Version 12.00
# Visual Studio Version 17
VisualStudioVersion = 17.4.33122.133
MinimumVisualStudioVersion = 10.0.40219.1
Project("{FAE04EC0-301F-11D3-BF4B-00C04F79EFBC}") = "State", "State\State.csproj", "{11D3C7A5-A969-41FB-B5D7-15BFFF029E7F}"
EndProject
Global
	GlobalSection(SolutionConfigurationPlatforms) = preSolution
		Debug|Any CPU = Debug|Any CPU
		Release|Any CPU = Release|Any CPU
	EndGlobalSection
	GlobalSection(ProjectConfigurationPlatforms) = postSolution
		{11D3C7A5-A969-41FB-B5D7-15BFFF029E7F}.Debug|Any CPU.ActiveCfg = Debug|Any CPU
		{11D3C7A5-A969-41FB-B5D7-15BFFF029E7F}.Debug|Any CPU.Build.0 = Debug|Any CPU
		{11D3C7A5-A969-41FB-B5D7-15BFFF029E7F}.Release|Any CPU.ActiveCfg = Release|Any CPU
		{11D3C7A5-A969-41FB-B5D7-15BFFF029E7F}.Release|Any CPU.Build.0 = Release|Any CPU
	EndGlobalSection
	GlobalSection(SolutionProperties) = preSolution
		HideSolutionNode = FALSE
	EndGlobalSection
	GlobalSection(ExtensibilityGlobals) = postSolution
		SolutionGuid = {F5E11CCF-59AA-4EBB-B65D-9F64503E1954}
	EndGlobalSection
EndGlobal
